
Microsoft Visual Studio Solution File, Format Version 12.00
# Visual Studio Version 16
VisualStudioVersion = 16.0.31321.278
MinimumVisualStudioVersion = 10.0.40219.1
Project("{FAE04EC0-301F-11D3-BF4B-00C04F79EFBC}") = "ExampleLibraryVersioning", "ExampleLibraryVersioning.csproj", "{221858B5-02AE-47CE-B86A-6CC73D820222}"
EndProject
Global
	GlobalSection(SolutionConfigurationPlatforms) = preSolution
		Debug|Any CPU = Debug|Any CPU
		Release|Any CPU = Release|Any CPU
	EndGlobalSection
	GlobalSection(ProjectConfigurationPlatforms) = postSolution
		{221858B5-02AE-47CE-B86A-6CC73D820222}.Debug|Any CPU.ActiveCfg = Debug|Any CPU
		{221858B5-02AE-47CE-B86A-6CC73D820222}.Debug|Any CPU.Build.0 = Debug|Any CPU
		{221858B5-02AE-47CE-B86A-6CC73D820222}.Release|Any CPU.ActiveCfg = Release|Any CPU
		{221858B5-02AE-47CE-B86A-6CC73D820222}.Release|Any CPU.Build.0 = Release|Any CPU
	EndGlobalSection
	GlobalSection(SolutionProperties) = preSolution
		HideSolutionNode = FALSE
	EndGlobalSection
	GlobalSection(ExtensibilityGlobals) = postSolution
		SolutionGuid = {1199D943-50B7-4CA4-BB7F-89515F58C665}
	EndGlobalSection
EndGlobal
